// !$*UTF8*$!
{
	archiveVersion = 1;
	classes = {
	};
	objectVersion = 46;
	objects = {

/* Begin PBXBuildFile section */
		812797781E4DBB2D00D59B53 /* AppDelegate.swift in Sources */ = {isa = PBXBuildFile; fileRef = 812797771E4DBB2D00D59B53 /* AppDelegate.swift */; };
		8127977C1E4DBB2D00D59B53 /* Assets.xcassets in Resources */ = {isa = PBXBuildFile; fileRef = 8127977B1E4DBB2D00D59B53 /* Assets.xcassets */; };
		8127977F1E4DBB2D00D59B53 /* Main.storyboard in Resources */ = {isa = PBXBuildFile; fileRef = 8127977D1E4DBB2D00D59B53 /* Main.storyboard */; };
		812797901E51C96F00D59B53 /* NetworkManager.swift in Sources */ = {isa = PBXBuildFile; fileRef = 8127978F1E51C96F00D59B53 /* NetworkManager.swift */; };
		812797921E51ED6600D59B53 /* BrowserViewController.swift in Sources */ = {isa = PBXBuildFile; fileRef = 812797911E51ED6600D59B53 /* BrowserViewController.swift */; };
		812797951E51FCF400D59B53 /* PhotoCVItem.swift in Sources */ = {isa = PBXBuildFile; fileRef = 812797931E51FCF400D59B53 /* PhotoCVItem.swift */; };
		812797961E51FCF400D59B53 /* PhotoCVItem.xib in Resources */ = {isa = PBXBuildFile; fileRef = 812797941E51FCF400D59B53 /* PhotoCVItem.xib */; };
		FEC104EC1E54E6FE00B0BFFD /* AuthenticationViewController.swift in Sources */ = {isa = PBXBuildFile; fileRef = FEC104EB1E54E6FE00B0BFFD /* AuthenticationViewController.swift */; };
/* End PBXBuildFile section */

/* Begin PBXFileReference section */
		812797741E4DBB2D00D59B53 /* Peas.app */ = {isa = PBXFileReference; explicitFileType = wrapper.application; includeInIndex = 0; path = Peas.app; sourceTree = BUILT_PRODUCTS_DIR; };
		812797771E4DBB2D00D59B53 /* AppDelegate.swift */ = {isa = PBXFileReference; lastKnownFileType = sourcecode.swift; path = AppDelegate.swift; sourceTree = "<group>"; };
		8127977B1E4DBB2D00D59B53 /* Assets.xcassets */ = {isa = PBXFileReference; lastKnownFileType = folder.assetcatalog; path = Assets.xcassets; sourceTree = "<group>"; };
		8127977E1E4DBB2D00D59B53 /* Base */ = {isa = PBXFileReference; lastKnownFileType = file.storyboard; name = Base; path = Base.lproj/Main.storyboard; sourceTree = "<group>"; };
		812797801E4DBB2D00D59B53 /* Info.plist */ = {isa = PBXFileReference; lastKnownFileType = text.plist.xml; path = Info.plist; sourceTree = "<group>"; };
		8127978F1E51C96F00D59B53 /* NetworkManager.swift */ = {isa = PBXFileReference; fileEncoding = 4; lastKnownFileType = sourcecode.swift; path = NetworkManager.swift; sourceTree = "<group>"; };
		812797911E51ED6600D59B53 /* BrowserViewController.swift */ = {isa = PBXFileReference; fileEncoding = 4; lastKnownFileType = sourcecode.swift; path = BrowserViewController.swift; sourceTree = "<group>"; };
		812797931E51FCF400D59B53 /* PhotoCVItem.swift */ = {isa = PBXFileReference; fileEncoding = 4; lastKnownFileType = sourcecode.swift; path = PhotoCVItem.swift; sourceTree = "<group>"; };
		812797941E51FCF400D59B53 /* PhotoCVItem.xib */ = {isa = PBXFileReference; fileEncoding = 4; lastKnownFileType = file.xib; path = PhotoCVItem.xib; sourceTree = "<group>"; };
		FEC104EB1E54E6FE00B0BFFD /* AuthenticationViewController.swift */ = {isa = PBXFileReference; fileEncoding = 4; lastKnownFileType = sourcecode.swift; path = AuthenticationViewController.swift; sourceTree = "<group>"; };
/* End PBXFileReference section */

/* Begin PBXFrameworksBuildPhase section */
		812797711E4DBB2D00D59B53 /* Frameworks */ = {
			isa = PBXFrameworksBuildPhase;
			buildActionMask = 2147483647;
			files = (
			);
			runOnlyForDeploymentPostprocessing = 0;
		};
/* End PBXFrameworksBuildPhase section */

/* Begin PBXGroup section */
		8127976B1E4DBB2D00D59B53 = {
			isa = PBXGroup;
			children = (
				812797761E4DBB2D00D59B53 /* Peas */,
				812797751E4DBB2D00D59B53 /* Products */,
			);
			sourceTree = "<group>";
		};
		812797751E4DBB2D00D59B53 /* Products */ = {
			isa = PBXGroup;
			children = (
				812797741E4DBB2D00D59B53 /* Peas.app */,
			);
			name = Products;
			sourceTree = "<group>";
		};
		812797761E4DBB2D00D59B53 /* Peas */ = {
			isa = PBXGroup;
			children = (
				812797771E4DBB2D00D59B53 /* AppDelegate.swift */,
				812797911E51ED6600D59B53 /* BrowserViewController.swift */,
				812797931E51FCF400D59B53 /* PhotoCVItem.swift */,
				FEC104EB1E54E6FE00B0BFFD /* AuthenticationViewController.swift */,
				812797941E51FCF400D59B53 /* PhotoCVItem.xib */,
				8127978F1E51C96F00D59B53 /* NetworkManager.swift */,
				8127977B1E4DBB2D00D59B53 /* Assets.xcassets */,
				8127977D1E4DBB2D00D59B53 /* Main.storyboard */,
				812797801E4DBB2D00D59B53 /* Info.plist */,
			);
			path = Peas;
			sourceTree = "<group>";
		};
/* End PBXGroup section */

/* Begin PBXNativeTarget section */
		812797731E4DBB2D00D59B53 /* Peas */ = {
			isa = PBXNativeTarget;
			buildConfigurationList = 812797831E4DBB2D00D59B53 /* Build configuration list for PBXNativeTarget "Peas" */;
			buildPhases = (
				812797701E4DBB2D00D59B53 /* Sources */,
				812797711E4DBB2D00D59B53 /* Frameworks */,
				812797721E4DBB2D00D59B53 /* Resources */,
			);
			buildRules = (
			);
			dependencies = (
			);
			name = Peas;
			productName = Peas;
			productReference = 812797741E4DBB2D00D59B53 /* Peas.app */;
			productType = "com.apple.product-type.application";
		};
/* End PBXNativeTarget section */

/* Begin PBXProject section */
		8127976C1E4DBB2D00D59B53 /* Project object */ = {
			isa = PBXProject;
			attributes = {
				LastSwiftUpdateCheck = 0820;
				LastUpgradeCheck = 0820;
				ORGANIZATIONNAME = Oleg;
				TargetAttributes = {
					812797731E4DBB2D00D59B53 = {
						CreatedOnToolsVersion = 8.2.1;
						DevelopmentTeam = L52WAGP4P9;
						ProvisioningStyle = Automatic;
					};
				};
			};
			buildConfigurationList = 8127976F1E4DBB2D00D59B53 /* Build configuration list for PBXProject "Peas" */;
			compatibilityVersion = "Xcode 3.2";
			developmentRegion = English;
			hasScannedForEncodings = 0;
			knownRegions = (
				en,
				Base,
			);
			mainGroup = 8127976B1E4DBB2D00D59B53;
			productRefGroup = 812797751E4DBB2D00D59B53 /* Products */;
			projectDirPath = "";
			projectRoot = "";
			targets = (
				812797731E4DBB2D00D59B53 /* Peas */,
			);
		};
/* End PBXProject section */

/* Begin PBXResourcesBuildPhase section */
		812797721E4DBB2D00D59B53 /* Resources */ = {
			isa = PBXResourcesBuildPhase;
			buildActionMask = 2147483647;
			files = (
				8127977C1E4DBB2D00D59B53 /* Assets.xcassets in Resources */,
				812797961E51FCF400D59B53 /* PhotoCVItem.xib in Resources */,
				8127977F1E4DBB2D00D59B53 /* Main.storyboard in Resources */,
			);
			runOnlyForDeploymentPostprocessing = 0;
		};
/* End PBXResourcesBuildPhase section */

/* Begin PBXSourcesBuildPhase section */
		812797701E4DBB2D00D59B53 /* Sources */ = {
			isa = PBXSourcesBuildPhase;
			buildActionMask = 2147483647;
			files = (
				812797901E51C96F00D59B53 /* NetworkManager.swift in Sources */,
				812797921E51ED6600D59B53 /* BrowserViewController.swift in Sources */,
				FEC104EC1E54E6FE00B0BFFD /* AuthenticationViewController.swift in Sources */,
				812797951E51FCF400D59B53 /* PhotoCVItem.swift in Sources */,
				812797781E4DBB2D00D59B53 /* AppDelegate.swift in Sources */,
			);
			runOnlyForDeploymentPostprocessing = 0;
		};
/* End PBXSourcesBuildPhase section */

/* Begin PBXVariantGroup section */
		8127977D1E4DBB2D00D59B53 /* Main.storyboard */ = {
			isa = PBXVariantGroup;
			children = (
				8127977E1E4DBB2D00D59B53 /* Base */,
			);
			name = Main.storyboard;
			sourceTree = "<group>";
		};
/* End PBXVariantGroup section */

/* Begin XCBuildConfiguration section */
		812797811E4DBB2D00D59B53 /* Debug */ = {
			isa = XCBuildConfiguration;
			buildSettings = {
				ALWAYS_SEARCH_USER_PATHS = NO;
				CLANG_ANALYZER_NONNULL = YES;
				CLANG_CXX_LANGUAGE_STANDARD = "gnu++0x";
				CLANG_CXX_LIBRARY = "libc++";
				CLANG_ENABLE_MODULES = YES;
				CLANG_ENABLE_OBJC_ARC = YES;
				CLANG_WARN_BOOL_CONVERSION = YES;
				CLANG_WARN_CONSTANT_CONVERSION = YES;
				CLANG_WARN_DIRECT_OBJC_ISA_USAGE = YES_ERROR;
				CLANG_WARN_DOCUMENTATION_COMMENTS = YES;
				CLANG_WARN_EMPTY_BODY = YES;
				CLANG_WARN_ENUM_CONVERSION = YES;
				CLANG_WARN_INFINITE_RECURSION = YES;
				CLANG_WARN_INT_CONVERSION = YES;
				CLANG_WARN_OBJC_ROOT_CLASS = YES_ERROR;
				CLANG_WARN_SUSPICIOUS_MOVE = YES;
				CLANG_WARN_UNREACHABLE_CODE = YES;
				CLANG_WARN__DUPLICATE_METHOD_MATCH = YES;
				CODE_SIGN_IDENTITY = "-";
				COPY_PHASE_STRIP = NO;
				DEBUG_INFORMATION_FORMAT = dwarf;
				ENABLE_STRICT_OBJC_MSGSEND = YES;
				ENABLE_TESTABILITY = YES;
				GCC_C_LANGUAGE_STANDARD = gnu99;
				GCC_DYNAMIC_NO_PIC = NO;
				GCC_NO_COMMON_BLOCKS = YES;
				GCC_OPTIMIZATION_LEVEL = 0;
				GCC_PREPROCESSOR_DEFINITIONS = (
					"DEBUG=1",
					"$(inherited)",
				);
				GCC_WARN_64_TO_32_BIT_CONVERSION = YES;
				GCC_WARN_ABOUT_RETURN_TYPE = YES_ERROR;
				GCC_WARN_UNDECLARED_SELECTOR = YES;
				GCC_WARN_UNINITIALIZED_AUTOS = YES_AGGRESSIVE;
				GCC_WARN_UNUSED_FUNCTION = YES;
				GCC_WARN_UNUSED_VARIABLE = YES;
				MACOSX_DEPLOYMENT_TARGET = 10.12;
				MTL_ENABLE_DEBUG_INFO = YES;
				ONLY_ACTIVE_ARCH = YES;
				SDKROOT = macosx;
				SWIFT_ACTIVE_COMPILATION_CONDITIONS = DEBUG;
				SWIFT_OPTIMIZATION_LEVEL = "-Onone";
			};
			name = Debug;
		};
		812797821E4DBB2D00D59B53 /* Release */ = {
			isa = XCBuildConfiguration;
			buildSettings = {
				ALWAYS_SEARCH_USER_PATHS = NO;
				CLANG_ANALYZER_NONNULL = YES;
				CLANG_CXX_LANGUAGE_STANDARD = "gnu++0x";
				CLANG_CXX_LIBRARY = "libc++";
				CLANG_ENABLE_MODULES = YES;
				CLANG_ENABLE_OBJC_ARC = YES;
				CLANG_WARN_BOOL_CONVERSION = YES;
				CLANG_WARN_CONSTANT_CONVERSION = YES;
				CLANG_WARN_DIRECT_OBJC_ISA_USAGE = YES_ERROR;
				CLANG_WARN_DOCUMENTATION_COMMENTS = YES;
				CLANG_WARN_EMPTY_BODY = YES;
				CLANG_WARN_ENUM_CONVERSION = YES;
				CLANG_WARN_INFINITE_RECURSION = YES;
				CLANG_WARN_INT_CONVERSION = YES;
				CLANG_WARN_OBJC_ROOT_CLASS = YES_ERROR;
				CLANG_WARN_SUSPICIOUS_MOVE = YES;
				CLANG_WARN_UNREACHABLE_CODE = YES;
				CLANG_WARN__DUPLICATE_METHOD_MATCH = YES;
				CODE_SIGN_IDENTITY = "-";
				COPY_PHASE_STRIP = NO;
				DEBUG_INFORMATION_FORMAT = "dwarf-with-dsym";
				ENABLE_NS_ASSERTIONS = NO;
				ENABLE_STRICT_OBJC_MSGSEND = YES;
				GCC_C_LANGUAGE_STANDARD = gnu99;
				GCC_NO_COMMON_BLOCKS = YES;
				GCC_WARN_64_TO_32_BIT_CONVERSION = YES;
				GCC_WARN_ABOUT_RETURN_TYPE = YES_ERROR;
				GCC_WARN_UNDECLARED_SELECTOR = YES;
				GCC_WARN_UNINITIALIZED_AUTOS = YES_AGGRESSIVE;
				GCC_WARN_UNUSED_FUNCTION = YES;
				GCC_WARN_UNUSED_VARIABLE = YES;
				MACOSX_DEPLOYMENT_TARGET = 10.12;
				MTL_ENABLE_DEBUG_INFO = NO;
				SDKROOT = macosx;
				SWIFT_OPTIMIZATION_LEVEL = "-Owholemodule";
			};
			name = Release;
		};
		812797841E4DBB2D00D59B53 /* Debug */ = {
			isa = XCBuildConfiguration;
			buildSettings = {
				ASSETCATALOG_COMPILER_APPICON_NAME = AppIcon;
				COMBINE_HIDPI_IMAGES = YES;
				DEVELOPMENT_TEAM = L52WAGP4P9;
				INFOPLIST_FILE = Peas/Info.plist;
				LD_RUNPATH_SEARCH_PATHS = "$(inherited) @executable_path/../Frameworks";
				PRODUCT_BUNDLE_IDENTIFIER = com.loginoleg.Peas;
				PRODUCT_NAME = "$(TARGET_NAME)";
				SWIFT_VERSION = 3.0;
			};
			name = Debug;
		};
		812797851E4DBB2D00D59B53 /* Release */ = {
			isa = XCBuildConfiguration;
			buildSettings = {
				ASSETCATALOG_COMPILER_APPICON_NAME = AppIcon;
				COMBINE_HIDPI_IMAGES = YES;
				DEVELOPMENT_TEAM = L52WAGP4P9;
				INFOPLIST_FILE = Peas/Info.plist;
				LD_RUNPATH_SEARCH_PATHS = "$(inherited) @executable_path/../Frameworks";
				PRODUCT_BUNDLE_IDENTIFIER = com.loginoleg.Peas;
				PRODUCT_NAME = "$(TARGET_NAME)";
				SWIFT_VERSION = 3.0;
			};
			name = Release;
		};
/* End XCBuildConfiguration section */

/* Begin XCConfigurationList section */
		8127976F1E4DBB2D00D59B53 /* Build configuration list for PBXProject "Peas" */ = {
			isa = XCConfigurationList;
			buildConfigurations = (
				812797811E4DBB2D00D59B53 /* Debug */,
				812797821E4DBB2D00D59B53 /* Release */,
			);
			defaultConfigurationIsVisible = 0;
			defaultConfigurationName = Release;
		};
		812797831E4DBB2D00D59B53 /* Build configuration list for PBXNativeTarget "Peas" */ = {
			isa = XCConfigurationList;
			buildConfigurations = (
				812797841E4DBB2D00D59B53 /* Debug */,
				812797851E4DBB2D00D59B53 /* Release */,
			);
			defaultConfigurationIsVisible = 0;
			defaultConfigurationName = Release;
		};
/* End XCConfigurationList section */
	};
	rootObject = 8127976C1E4DBB2D00D59B53 /* Project object */;
}
